// !$*UTF8*$!
{
	archiveVersion = 1;
	classes = {
	};
	objectVersion = 50;
	objects = {

/* Begin PBXBuildFile section */
		204F75382535776900E01EB5 /* MovieMatchApp.swift in Sources */ = {isa = PBXBuildFile; fileRef = 204F75372535776900E01EB5 /* MovieMatchApp.swift */; };
		204F753A2535776900E01EB5 /* ContentView.swift in Sources */ = {isa = PBXBuildFile; fileRef = 204F75392535776900E01EB5 /* ContentView.swift */; };
		204F753C2535776A00E01EB5 /* Assets.xcassets in Resources */ = {isa = PBXBuildFile; fileRef = 204F753B2535776A00E01EB5 /* Assets.xcassets */; };
		204F753F2535776A00E01EB5 /* Preview Assets.xcassets in Resources */ = {isa = PBXBuildFile; fileRef = 204F753E2535776A00E01EB5 /* Preview Assets.xcassets */; };
		204F754A2535776A00E01EB5 /* MovieMatchTests.swift in Sources */ = {isa = PBXBuildFile; fileRef = 204F75492535776A00E01EB5 /* MovieMatchTests.swift */; };
		204F75552535776A00E01EB5 /* MovieMatchUITests.swift in Sources */ = {isa = PBXBuildFile; fileRef = 204F75542535776A00E01EB5 /* MovieMatchUITests.swift */; };
/* End PBXBuildFile section */

/* Begin PBXContainerItemProxy section */
		204F75462535776A00E01EB5 /* PBXContainerItemProxy */ = {
			isa = PBXContainerItemProxy;
			containerPortal = 204F752C2535776900E01EB5 /* Project object */;
			proxyType = 1;
			remoteGlobalIDString = 204F75332535776900E01EB5;
			remoteInfo = MovieMatch;
		};
		204F75512535776A00E01EB5 /* PBXContainerItemProxy */ = {
			isa = PBXContainerItemProxy;
			containerPortal = 204F752C2535776900E01EB5 /* Project object */;
			proxyType = 1;
			remoteGlobalIDString = 204F75332535776900E01EB5;
			remoteInfo = MovieMatch;
		};
/* End PBXContainerItemProxy section */

/* Begin PBXFileReference section */
		204F75342535776900E01EB5 /* MovieMatch.app */ = {isa = PBXFileReference; explicitFileType = wrapper.application; includeInIndex = 0; path = MovieMatch.app; sourceTree = BUILT_PRODUCTS_DIR; };
		204F75372535776900E01EB5 /* MovieMatchApp.swift */ = {isa = PBXFileReference; lastKnownFileType = sourcecode.swift; path = MovieMatchApp.swift; sourceTree = "<group>"; };
		204F75392535776900E01EB5 /* ContentView.swift */ = {isa = PBXFileReference; lastKnownFileType = sourcecode.swift; path = ContentView.swift; sourceTree = "<group>"; };
		204F753B2535776A00E01EB5 /* Assets.xcassets */ = {isa = PBXFileReference; lastKnownFileType = folder.assetcatalog; path = Assets.xcassets; sourceTree = "<group>"; };
		204F753E2535776A00E01EB5 /* Preview Assets.xcassets */ = {isa = PBXFileReference; lastKnownFileType = folder.assetcatalog; path = "Preview Assets.xcassets"; sourceTree = "<group>"; };
		204F75402535776A00E01EB5 /* Info.plist */ = {isa = PBXFileReference; lastKnownFileType = text.plist.xml; path = Info.plist; sourceTree = "<group>"; };
		204F75452535776A00E01EB5 /* MovieMatchTests.xctest */ = {isa = PBXFileReference; explicitFileType = wrapper.cfbundle; includeInIndex = 0; path = MovieMatchTests.xctest; sourceTree = BUILT_PRODUCTS_DIR; };
		204F75492535776A00E01EB5 /* MovieMatchTests.swift */ = {isa = PBXFileReference; lastKnownFileType = sourcecode.swift; path = MovieMatchTests.swift; sourceTree = "<group>"; };
		204F754B2535776A00E01EB5 /* Info.plist */ = {isa = PBXFileReference; lastKnownFileType = text.plist.xml; path = Info.plist; sourceTree = "<group>"; };
		204F75502535776A00E01EB5 /* MovieMatchUITests.xctest */ = {isa = PBXFileReference; explicitFileType = wrapper.cfbundle; includeInIndex = 0; path = MovieMatchUITests.xctest; sourceTree = BUILT_PRODUCTS_DIR; };
		204F75542535776A00E01EB5 /* MovieMatchUITests.swift */ = {isa = PBXFileReference; lastKnownFileType = sourcecode.swift; path = MovieMatchUITests.swift; sourceTree = "<group>"; };
		204F75562535776A00E01EB5 /* Info.plist */ = {isa = PBXFileReference; lastKnownFileType = text.plist.xml; path = Info.plist; sourceTree = "<group>"; };
/* End PBXFileReference section */

/* Begin PBXFrameworksBuildPhase section */
		204F75312535776900E01EB5 /* Frameworks */ = {
			isa = PBXFrameworksBuildPhase;
			buildActionMask = 2147483647;
			files = (
			);
			runOnlyForDeploymentPostprocessing = 0;
		};
		204F75422535776A00E01EB5 /* Frameworks */ = {
			isa = PBXFrameworksBuildPhase;
			buildActionMask = 2147483647;
			files = (
			);
			runOnlyForDeploymentPostprocessing = 0;
		};
		204F754D2535776A00E01EB5 /* Frameworks */ = {
			isa = PBXFrameworksBuildPhase;
			buildActionMask = 2147483647;
			files = (
			);
			runOnlyForDeploymentPostprocessing = 0;
		};
/* End PBXFrameworksBuildPhase section */

/* Begin PBXGroup section */
		204F752B2535776900E01EB5 = {
			isa = PBXGroup;
			children = (
				204F75362535776900E01EB5 /* MovieMatch */,
				204F75482535776A00E01EB5 /* MovieMatchTests */,
				204F75532535776A00E01EB5 /* MovieMatchUITests */,
				204F75352535776900E01EB5 /* Products */,
			);
			sourceTree = "<group>";
		};
		204F75352535776900E01EB5 /* Products */ = {
			isa = PBXGroup;
			children = (
				204F75342535776900E01EB5 /* MovieMatch.app */,
				204F75452535776A00E01EB5 /* MovieMatchTests.xctest */,
				204F75502535776A00E01EB5 /* MovieMatchUITests.xctest */,
			);
			name = Products;
			sourceTree = "<group>";
		};
		204F75362535776900E01EB5 /* MovieMatch */ = {
			isa = PBXGroup;
			children = (
				204F75372535776900E01EB5 /* MovieMatchApp.swift */,
				204F75392535776900E01EB5 /* ContentView.swift */,
				204F753B2535776A00E01EB5 /* Assets.xcassets */,
				204F75402535776A00E01EB5 /* Info.plist */,
				204F753D2535776A00E01EB5 /* Preview Content */,
			);
			path = MovieMatch;
			sourceTree = "<group>";
		};
		204F753D2535776A00E01EB5 /* Preview Content */ = {
			isa = PBXGroup;
			children = (
				204F753E2535776A00E01EB5 /* Preview Assets.xcassets */,
			);
			path = "Preview Content";
			sourceTree = "<group>";
		};
		204F75482535776A00E01EB5 /* MovieMatchTests */ = {
			isa = PBXGroup;
			children = (
				204F75492535776A00E01EB5 /* MovieMatchTests.swift */,
				204F754B2535776A00E01EB5 /* Info.plist */,
			);
			path = MovieMatchTests;
			sourceTree = "<group>";
		};
		204F75532535776A00E01EB5 /* MovieMatchUITests */ = {
			isa = PBXGroup;
			children = (
				204F75542535776A00E01EB5 /* MovieMatchUITests.swift */,
				204F75562535776A00E01EB5 /* Info.plist */,
			);
			path = MovieMatchUITests;
			sourceTree = "<group>";
		};
/* End PBXGroup section */

/* Begin PBXNativeTarget section */
		204F75332535776900E01EB5 /* MovieMatch */ = {
			isa = PBXNativeTarget;
			buildConfigurationList = 204F75592535776A00E01EB5 /* Build configuration list for PBXNativeTarget "MovieMatch" */;
			buildPhases = (
				204F75302535776900E01EB5 /* Sources */,
				204F75312535776900E01EB5 /* Frameworks */,
				204F75322535776900E01EB5 /* Resources */,
			);
			buildRules = (
			);
			dependencies = (
			);
			name = MovieMatch;
			productName = MovieMatch;
			productReference = 204F75342535776900E01EB5 /* MovieMatch.app */;
			productType = "com.apple.product-type.application";
		};
		204F75442535776A00E01EB5 /* MovieMatchTests */ = {
			isa = PBXNativeTarget;
			buildConfigurationList = 204F755C2535776A00E01EB5 /* Build configuration list for PBXNativeTarget "MovieMatchTests" */;
			buildPhases = (
				204F75412535776A00E01EB5 /* Sources */,
				204F75422535776A00E01EB5 /* Frameworks */,
				204F75432535776A00E01EB5 /* Resources */,
			);
			buildRules = (
			);
			dependencies = (
				204F75472535776A00E01EB5 /* PBXTargetDependency */,
			);
			name = MovieMatchTests;
			productName = MovieMatchTests;
			productReference = 204F75452535776A00E01EB5 /* MovieMatchTests.xctest */;
			productType = "com.apple.product-type.bundle.unit-test";
		};
		204F754F2535776A00E01EB5 /* MovieMatchUITests */ = {
			isa = PBXNativeTarget;
			buildConfigurationList = 204F755F2535776A00E01EB5 /* Build configuration list for PBXNativeTarget "MovieMatchUITests" */;
			buildPhases = (
				204F754C2535776A00E01EB5 /* Sources */,
				204F754D2535776A00E01EB5 /* Frameworks */,
				204F754E2535776A00E01EB5 /* Resources */,
			);
			buildRules = (
			);
			dependencies = (
				204F75522535776A00E01EB5 /* PBXTargetDependency */,
			);
			name = MovieMatchUITests;
			productName = MovieMatchUITests;
			productReference = 204F75502535776A00E01EB5 /* MovieMatchUITests.xctest */;
			productType = "com.apple.product-type.bundle.ui-testing";
		};
/* End PBXNativeTarget section */

/* Begin PBXProject section */
		204F752C2535776900E01EB5 /* Project object */ = {
			isa = PBXProject;
			attributes = {
				LastSwiftUpdateCheck = 1200;
				LastUpgradeCheck = 1200;
				TargetAttributes = {
					204F75332535776900E01EB5 = {
						CreatedOnToolsVersion = 12.0.1;
					};
					204F75442535776A00E01EB5 = {
						CreatedOnToolsVersion = 12.0.1;
						TestTargetID = 204F75332535776900E01EB5;
					};
					204F754F2535776A00E01EB5 = {
						CreatedOnToolsVersion = 12.0.1;
						TestTargetID = 204F75332535776900E01EB5;
					};
				};
			};
			buildConfigurationList = 204F752F2535776900E01EB5 /* Build configuration list for PBXProject "MovieMatch" */;
			compatibilityVersion = "Xcode 9.3";
			developmentRegion = en;
			hasScannedForEncodings = 0;
			knownRegions = (
				en,
				Base,
			);
			mainGroup = 204F752B2535776900E01EB5;
			productRefGroup = 204F75352535776900E01EB5 /* Products */;
			projectDirPath = "";
			projectRoot = "";
			targets = (
				204F75332535776900E01EB5 /* MovieMatch */,
				204F75442535776A00E01EB5 /* MovieMatchTests */,
				204F754F2535776A00E01EB5 /* MovieMatchUITests */,
			);
		};
/* End PBXProject section */

/* Begin PBXResourcesBuildPhase section */
		204F75322535776900E01EB5 /* Resources */ = {
			isa = PBXResourcesBuildPhase;
			buildActionMask = 2147483647;
			files = (
				204F753F2535776A00E01EB5 /* Preview Assets.xcassets in Resources */,
				204F753C2535776A00E01EB5 /* Assets.xcassets in Resources */,
			);
			runOnlyForDeploymentPostprocessing = 0;
		};
		204F75432535776A00E01EB5 /* Resources */ = {
			isa = PBXResourcesBuildPhase;
			buildActionMask = 2147483647;
			files = (
			);
			runOnlyForDeploymentPostprocessing = 0;
		};
		204F754E2535776A00E01EB5 /* Resources */ = {
			isa = PBXResourcesBuildPhase;
			buildActionMask = 2147483647;
			files = (
			);
			runOnlyForDeploymentPostprocessing = 0;
		};
/* End PBXResourcesBuildPhase section */

/* Begin PBXSourcesBuildPhase section */
		204F75302535776900E01EB5 /* Sources */ = {
			isa = PBXSourcesBuildPhase;
			buildActionMask = 2147483647;
			files = (
				204F753A2535776900E01EB5 /* ContentView.swift in Sources */,
				204F75382535776900E01EB5 /* MovieMatchApp.swift in Sources */,
			);
			runOnlyForDeploymentPostprocessing = 0;
		};
		204F75412535776A00E01EB5 /* Sources */ = {
			isa = PBXSourcesBuildPhase;
			buildActionMask = 2147483647;
			files = (
				204F754A2535776A00E01EB5 /* MovieMatchTests.swift in Sources */,
			);
			runOnlyForDeploymentPostprocessing = 0;
		};
		204F754C2535776A00E01EB5 /* Sources */ = {
			isa = PBXSourcesBuildPhase;
			buildActionMask = 2147483647;
			files = (
				204F75552535776A00E01EB5 /* MovieMatchUITests.swift in Sources */,
			);
			runOnlyForDeploymentPostprocessing = 0;
		};
/* End PBXSourcesBuildPhase section */

/* Begin PBXTargetDependency section */
		204F75472535776A00E01EB5 /* PBXTargetDependency */ = {
			isa = PBXTargetDependency;
			target = 204F75332535776900E01EB5 /* MovieMatch */;
			targetProxy = 204F75462535776A00E01EB5 /* PBXContainerItemProxy */;
		};
		204F75522535776A00E01EB5 /* PBXTargetDependency */ = {
			isa = PBXTargetDependency;
			target = 204F75332535776900E01EB5 /* MovieMatch */;
			targetProxy = 204F75512535776A00E01EB5 /* PBXContainerItemProxy */;
		};
/* End PBXTargetDependency section */

/* Begin XCBuildConfiguration section */
		204F75572535776A00E01EB5 /* Debug */ = {
			isa = XCBuildConfiguration;
			buildSettings = {
				ALWAYS_SEARCH_USER_PATHS = NO;
				CLANG_ANALYZER_NONNULL = YES;
				CLANG_ANALYZER_NUMBER_OBJECT_CONVERSION = YES_AGGRESSIVE;
				CLANG_CXX_LANGUAGE_STANDARD = "gnu++14";
				CLANG_CXX_LIBRARY = "libc++";
				CLANG_ENABLE_MODULES = YES;
				CLANG_ENABLE_OBJC_ARC = YES;
				CLANG_ENABLE_OBJC_WEAK = YES;
				CLANG_WARN_BLOCK_CAPTURE_AUTORELEASING = YES;
				CLANG_WARN_BOOL_CONVERSION = YES;
				CLANG_WARN_COMMA = YES;
				CLANG_WARN_CONSTANT_CONVERSION = YES;
				CLANG_WARN_DEPRECATED_OBJC_IMPLEMENTATIONS = YES;
				CLANG_WARN_DIRECT_OBJC_ISA_USAGE = YES_ERROR;
				CLANG_WARN_DOCUMENTATION_COMMENTS = YES;
				CLANG_WARN_EMPTY_BODY = YES;
				CLANG_WARN_ENUM_CONVERSION = YES;
				CLANG_WARN_INFINITE_RECURSION = YES;
				CLANG_WARN_INT_CONVERSION = YES;
				CLANG_WARN_NON_LITERAL_NULL_CONVERSION = YES;
				CLANG_WARN_OBJC_IMPLICIT_RETAIN_SELF = YES;
				CLANG_WARN_OBJC_LITERAL_CONVERSION = YES;
				CLANG_WARN_OBJC_ROOT_CLASS = YES_ERROR;
				CLANG_WARN_QUOTED_INCLUDE_IN_FRAMEWORK_HEADER = YES;
				CLANG_WARN_RANGE_LOOP_ANALYSIS = YES;
				CLANG_WARN_STRICT_PROTOTYPES = YES;
				CLANG_WARN_SUSPICIOUS_MOVE = YES;
				CLANG_WARN_UNGUARDED_AVAILABILITY = YES_AGGRESSIVE;
				CLANG_WARN_UNREACHABLE_CODE = YES;
				CLANG_WARN__DUPLICATE_METHOD_MATCH = YES;
				COPY_PHASE_STRIP = NO;
				DEBUG_INFORMATION_FORMAT = dwarf;
				ENABLE_STRICT_OBJC_MSGSEND = YES;
				ENABLE_TESTABILITY = YES;
				GCC_C_LANGUAGE_STANDARD = gnu11;
				GCC_DYNAMIC_NO_PIC = NO;
				GCC_NO_COMMON_BLOCKS = YES;
				GCC_OPTIMIZATION_LEVEL = 0;
				GCC_PREPROCESSOR_DEFINITIONS = (
					"DEBUG=1",
					"$(inherited)",
				);
				GCC_WARN_64_TO_32_BIT_CONVERSION = YES;
				GCC_WARN_ABOUT_RETURN_TYPE = YES_ERROR;
				GCC_WARN_UNDECLARED_SELECTOR = YES;
				GCC_WARN_UNINITIALIZED_AUTOS = YES_AGGRESSIVE;
				GCC_WARN_UNUSED_FUNCTION = YES;
				GCC_WARN_UNUSED_VARIABLE = YES;
				IPHONEOS_DEPLOYMENT_TARGET = 14.0;
				MTL_ENABLE_DEBUG_INFO = INCLUDE_SOURCE;
				MTL_FAST_MATH = YES;
				ONLY_ACTIVE_ARCH = YES;
				SDKROOT = iphoneos;
				SWIFT_ACTIVE_COMPILATION_CONDITIONS = DEBUG;
				SWIFT_OPTIMIZATION_LEVEL = "-Onone";
			};
			name = Debug;
		};
		204F75582535776A00E01EB5 /* Release */ = {
			isa = XCBuildConfiguration;
			buildSettings = {
				ALWAYS_SEARCH_USER_PATHS = NO;
				CLANG_ANALYZER_NONNULL = YES;
				CLANG_ANALYZER_NUMBER_OBJECT_CONVERSION = YES_AGGRESSIVE;
				CLANG_CXX_LANGUAGE_STANDARD = "gnu++14";
				CLANG_CXX_LIBRARY = "libc++";
				CLANG_ENABLE_MODULES = YES;
				CLANG_ENABLE_OBJC_ARC = YES;
				CLANG_ENABLE_OBJC_WEAK = YES;
				CLANG_WARN_BLOCK_CAPTURE_AUTORELEASING = YES;
				CLANG_WARN_BOOL_CONVERSION = YES;
				CLANG_WARN_COMMA = YES;
				CLANG_WARN_CONSTANT_CONVERSION = YES;
				CLANG_WARN_DEPRECATED_OBJC_IMPLEMENTATIONS = YES;
				CLANG_WARN_DIRECT_OBJC_ISA_USAGE = YES_ERROR;
				CLANG_WARN_DOCUMENTATION_COMMENTS = YES;
				CLANG_WARN_EMPTY_BODY = YES;
				CLANG_WARN_ENUM_CONVERSION = YES;
				CLANG_WARN_INFINITE_RECURSION = YES;
				CLANG_WARN_INT_CONVERSION = YES;
				CLANG_WARN_NON_LITERAL_NULL_CONVERSION = YES;
				CLANG_WARN_OBJC_IMPLICIT_RETAIN_SELF = YES;
				CLANG_WARN_OBJC_LITERAL_CONVERSION = YES;
				CLANG_WARN_OBJC_ROOT_CLASS = YES_ERROR;
				CLANG_WARN_QUOTED_INCLUDE_IN_FRAMEWORK_HEADER = YES;
				CLANG_WARN_RANGE_LOOP_ANALYSIS = YES;
				CLANG_WARN_STRICT_PROTOTYPES = YES;
				CLANG_WARN_SUSPICIOUS_MOVE = YES;
				CLANG_WARN_UNGUARDED_AVAILABILITY = YES_AGGRESSIVE;
				CLANG_WARN_UNREACHABLE_CODE = YES;
				CLANG_WARN__DUPLICATE_METHOD_MATCH = YES;
				COPY_PHASE_STRIP = NO;
				DEBUG_INFORMATION_FORMAT = "dwarf-with-dsym";
				ENABLE_NS_ASSERTIONS = NO;
				ENABLE_STRICT_OBJC_MSGSEND = YES;
				GCC_C_LANGUAGE_STANDARD = gnu11;
				GCC_NO_COMMON_BLOCKS = YES;
				GCC_WARN_64_TO_32_BIT_CONVERSION = YES;
				GCC_WARN_ABOUT_RETURN_TYPE = YES_ERROR;
				GCC_WARN_UNDECLARED_SELECTOR = YES;
				GCC_WARN_UNINITIALIZED_AUTOS = YES_AGGRESSIVE;
				GCC_WARN_UNUSED_FUNCTION = YES;
				GCC_WARN_UNUSED_VARIABLE = YES;
				IPHONEOS_DEPLOYMENT_TARGET = 14.0;
				MTL_ENABLE_DEBUG_INFO = NO;
				MTL_FAST_MATH = YES;
				SDKROOT = iphoneos;
				SWIFT_COMPILATION_MODE = wholemodule;
				SWIFT_OPTIMIZATION_LEVEL = "-O";
				VALIDATE_PRODUCT = YES;
			};
			name = Release;
		};
		204F755A2535776A00E01EB5 /* Debug */ = {
			isa = XCBuildConfiguration;
			buildSettings = {
				ASSETCATALOG_COMPILER_APPICON_NAME = AppIcon;
				ASSETCATALOG_COMPILER_GLOBAL_ACCENT_COLOR_NAME = AccentColor;
				CODE_SIGN_STYLE = Automatic;
				DEVELOPMENT_ASSET_PATHS = "\"MovieMatch/Preview Content\"";
				DEVELOPMENT_TEAM = 2BZJF883W2;
				ENABLE_PREVIEWS = YES;
				INFOPLIST_FILE = MovieMatch/Info.plist;
				IPHONEOS_DEPLOYMENT_TARGET = 14.0;
				LD_RUNPATH_SEARCH_PATHS = (
					"$(inherited)",
					"@executable_path/Frameworks",
				);
				PRODUCT_BUNDLE_IDENTIFIER = com.glassflag.MovieMatch;
				PRODUCT_NAME = "$(TARGET_NAME)";
				SWIFT_VERSION = 5.0;
				TARGETED_DEVICE_FAMILY = "1,2";
			};
			name = Debug;
		};
		204F755B2535776A00E01EB5 /* Release */ = {
			isa = XCBuildConfiguration;
			buildSettings = {
				ASSETCATALOG_COMPILER_APPICON_NAME = AppIcon;
				ASSETCATALOG_COMPILER_GLOBAL_ACCENT_COLOR_NAME = AccentColor;
				CODE_SIGN_STYLE = Automatic;
				DEVELOPMENT_ASSET_PATHS = "\"MovieMatch/Preview Content\"";
				DEVELOPMENT_TEAM = 2BZJF883W2;
				ENABLE_PREVIEWS = YES;
				INFOPLIST_FILE = MovieMatch/Info.plist;
				IPHONEOS_DEPLOYMENT_TARGET = 14.0;
				LD_RUNPATH_SEARCH_PATHS = (
					"$(inherited)",
					"@executable_path/Frameworks",
				);
				PRODUCT_BUNDLE_IDENTIFIER = com.glassflag.MovieMatch;
				PRODUCT_NAME = "$(TARGET_NAME)";
				SWIFT_VERSION = 5.0;
				TARGETED_DEVICE_FAMILY = "1,2";
			};
			name = Release;
		};
		204F755D2535776A00E01EB5 /* Debug */ = {
			isa = XCBuildConfiguration;
			buildSettings = {
				ALWAYS_EMBED_SWIFT_STANDARD_LIBRARIES = YES;
				BUNDLE_LOADER = "$(TEST_HOST)";
				CODE_SIGN_STYLE = Automatic;
				DEVELOPMENT_TEAM = 2BZJF883W2;
				INFOPLIST_FILE = MovieMatchTests/Info.plist;
				IPHONEOS_DEPLOYMENT_TARGET = 14.0;
				LD_RUNPATH_SEARCH_PATHS = (
					"$(inherited)",
					"@executable_path/Frameworks",
					"@loader_path/Frameworks",
				);
				PRODUCT_BUNDLE_IDENTIFIER = com.glassflag.MovieMatchTests;
				PRODUCT_NAME = "$(TARGET_NAME)";
				SWIFT_VERSION = 5.0;
				TARGETED_DEVICE_FAMILY = "1,2";
				TEST_HOST = "$(BUILT_PRODUCTS_DIR)/MovieMatch.app/MovieMatch";
			};
			name = Debug;
		};
		204F755E2535776A00E01EB5 /* Release */ = {
			isa = XCBuildConfiguration;
			buildSettings = {
				ALWAYS_EMBED_SWIFT_STANDARD_LIBRARIES = YES;
				BUNDLE_LOADER = "$(TEST_HOST)";
				CODE_SIGN_STYLE = Automatic;
				DEVELOPMENT_TEAM = 2BZJF883W2;
				INFOPLIST_FILE = MovieMatchTests/Info.plist;
				IPHONEOS_DEPLOYMENT_TARGET = 14.0;
				LD_RUNPATH_SEARCH_PATHS = (
					"$(inherited)",
					"@executable_path/Frameworks",
					"@loader_path/Frameworks",
				);
				PRODUCT_BUNDLE_IDENTIFIER = com.glassflag.MovieMatchTests;
				PRODUCT_NAME = "$(TARGET_NAME)";
				SWIFT_VERSION = 5.0;
				TARGETED_DEVICE_FAMILY = "1,2";
				TEST_HOST = "$(BUILT_PRODUCTS_DIR)/MovieMatch.app/MovieMatch";
			};
			name = Release;
		};
		204F75602535776A00E01EB5 /* Debug */ = {
			isa = XCBuildConfiguration;
			buildSettings = {
				ALWAYS_EMBED_SWIFT_STANDARD_LIBRARIES = YES;
				CODE_SIGN_STYLE = Automatic;
				DEVELOPMENT_TEAM = 2BZJF883W2;
				INFOPLIST_FILE = MovieMatchUITests/Info.plist;
				LD_RUNPATH_SEARCH_PATHS = (
					"$(inherited)",
					"@executable_path/Frameworks",
					"@loader_path/Frameworks",
				);
				PRODUCT_BUNDLE_IDENTIFIER = com.glassflag.MovieMatchUITests;
				PRODUCT_NAME = "$(TARGET_NAME)";
				SWIFT_VERSION = 5.0;
				TARGETED_DEVICE_FAMILY = "1,2";
				TEST_TARGET_NAME = MovieMatch;
			};
			name = Debug;
		};
		204F75612535776A00E01EB5 /* Release */ = {
			isa = XCBuildConfiguration;
			buildSettings = {
				ALWAYS_EMBED_SWIFT_STANDARD_LIBRARIES = YES;
				CODE_SIGN_STYLE = Automatic;
				DEVELOPMENT_TEAM = 2BZJF883W2;
				INFOPLIST_FILE = MovieMatchUITests/Info.plist;
				LD_RUNPATH_SEARCH_PATHS = (
					"$(inherited)",
					"@executable_path/Frameworks",
					"@loader_path/Frameworks",
				);
				PRODUCT_BUNDLE_IDENTIFIER = com.glassflag.MovieMatchUITests;
				PRODUCT_NAME = "$(TARGET_NAME)";
				SWIFT_VERSION = 5.0;
				TARGETED_DEVICE_FAMILY = "1,2";
				TEST_TARGET_NAME = MovieMatch;
			};
			name = Release;
		};
/* End XCBuildConfiguration section */

/* Begin XCConfigurationList section */
		204F752F2535776900E01EB5 /* Build configuration list for PBXProject "MovieMatch" */ = {
			isa = XCConfigurationList;
			buildConfigurations = (
				204F75572535776A00E01EB5 /* Debug */,
				204F75582535776A00E01EB5 /* Release */,
			);
			defaultConfigurationIsVisible = 0;
			defaultConfigurationName = Release;
		};
		204F75592535776A00E01EB5 /* Build configuration list for PBXNativeTarget "MovieMatch" */ = {
			isa = XCConfigurationList;
			buildConfigurations = (
				204F755A2535776A00E01EB5 /* Debug */,
				204F755B2535776A00E01EB5 /* Release */,
			);
			defaultConfigurationIsVisible = 0;
			defaultConfigurationName = Release;
		};
		204F755C2535776A00E01EB5 /* Build configuration list for PBXNativeTarget "MovieMatchTests" */ = {
			isa = XCConfigurationList;
			buildConfigurations = (
				204F755D2535776A00E01EB5 /* Debug */,
				204F755E2535776A00E01EB5 /* Release */,
			);
			defaultConfigurationIsVisible = 0;
			defaultConfigurationName = Release;
		};
		204F755F2535776A00E01EB5 /* Build configuration list for PBXNativeTarget "MovieMatchUITests" */ = {
			isa = XCConfigurationList;
			buildConfigurations = (
				204F75602535776A00E01EB5 /* Debug */,
				204F75612535776A00E01EB5 /* Release */,
			);
			defaultConfigurationIsVisible = 0;
			defaultConfigurationName = Release;
		};
/* End XCConfigurationList section */
	};
	rootObject = 204F752C2535776900E01EB5 /* Project object */;
}
